
Microsoft Visual Studio Solution File, Format Version 12.00
# Visual Studio Version 16
VisualStudioVersion = 16.0.30907.101
MinimumVisualStudioVersion = 10.0.40219.1
Project("{8BC9CEB8-8B4A-11D0-8D11-00A0C91BC942}") = "fxDrawer-demo-mahjong", "fxDrawer-demo-mahjong\fxDrawer-demo-mahjong.vcxproj", "{4B613DB1-F3C2-421C-B453-4E9EA4FDDCBB}"
EndProject
Global
	GlobalSection(SolutionConfigurationPlatforms) = preSolution
		Debug|x64 = Debug|x64
		Debug|x86 = Debug|x86
		Release|x64 = Release|x64
		Release|x86 = Release|x86
	EndGlobalSection
	GlobalSection(ProjectConfigurationPlatforms) = postSolution
		{4B613DB1-F3C2-421C-B453-4E9EA4FDDCBB}.Debug|x64.ActiveCfg = Debug|x64
		{4B613DB1-F3C2-421C-B453-4E9EA4FDDCBB}.Debug|x64.Build.0 = Debug|x64
		{4B613DB1-F3C2-421C-B453-4E9EA4FDDCBB}.Debug|x86.ActiveCfg = Debug|Win32
		{4B613DB1-F3C2-421C-B453-4E9EA4FDDCBB}.Debug|x86.Build.0 = Debug|Win32
		{4B613DB1-F3C2-421C-B453-4E9EA4FDDCBB}.Release|x64.ActiveCfg = Release|x64
		{4B613DB1-F3C2-421C-B453-4E9EA4FDDCBB}.Release|x64.Build.0 = Release|x64
		{4B613DB1-F3C2-421C-B453-4E9EA4FDDCBB}.Release|x86.ActiveCfg = Release|Win32
		{4B613DB1-F3C2-421C-B453-4E9EA4FDDCBB}.Release|x86.Build.0 = Release|Win32
	EndGlobalSection
	GlobalSection(SolutionProperties) = preSolution
		HideSolutionNode = FALSE
	EndGlobalSection
	GlobalSection(ExtensibilityGlobals) = postSolution
		SolutionGuid = {14E016F0-8DC5-4078-A7D8-150A38643796}
	EndGlobalSection
EndGlobal
